[[package]]
name = "click"
version = "8.1.3"
requires_python = ">=3.7"
summary = "Composable command line interface toolkit"
dependencies = [
    "colorama; platform_system == \"Windows\"",
]

[[package]]
name = "click-default-group-wheel"
version = "1.2.2"
summary = "Extends click.Group to invoke a command without explicit subcommand name (packaged as a wheel)"
dependencies = [
    "click",
]

[[package]]
name = "colorama"
version = "0.4.4"
requires_python = ">=2.7, !=3.0.*, !=3.1.*, !=3.2.*, !=3.3.*, !=3.4.*"
summary = "Cross-platform colored terminal text."

[[package]]
name = "et-xmlfile"
version = "1.1.0"
requires_python = ">=3.6"
summary = "An implementation of lxml.xmlfile for the standard library"

[[package]]
name = "openpyxl"
version = "3.0.10"
requires_python = ">=3.6"
summary = "A Python library to read/write Excel 2010 xlsx/xlsm files"
dependencies = [
    "et-xmlfile",
]

[[package]]
name = "python-dateutil"
version = "2.8.2"
requires_python = "!=3.0.*,!=3.1.*,!=3.2.*,>=2.7"
summary = "Extensions to the standard Python datetime module"
dependencies = [
    "six>=1.5",
]

[[package]]
name = "six"
version = "1.16.0"
requires_python = ">=2.7, !=3.0.*, !=3.1.*, !=3.2.*"
summary = "Python 2 and 3 compatibility utilities"

[[package]]
name = "sqlite-fts4"
version = "1.0.1"
summary = "Python functions for working with SQLite FTS4 search"

[[package]]
name = "sqlite-utils"
version = "3.26.1"
requires_python = ">=3.6"
summary = "CLI tool and Python utility functions for manipulating SQLite databases"
dependencies = [
    "click",
    "click-default-group-wheel",
    "python-dateutil",
    "sqlite-fts4",
    "tabulate",
]

[[package]]
name = "tabulate"
version = "0.8.9"
summary = "Pretty-print tabular data"

[metadata]
lock_version = "3.1"
content_hash = "sha256:f66dd4fa2b54f61650b729a259354512588cc752b60847ca5d8a740884fbc83c"

[metadata.files]
"click 8.1.3" = [
    {file = "click-8.1.3-py3-none-any.whl", hash = "sha256:bb4d8133cb15a609f44e8213d9b391b0809795062913b383c62be0ee95b1db48"},
    {file = "click-8.1.3.tar.gz", hash = "sha256:7682dc8afb30297001674575ea00d1814d808d6a36af415a82bd481d37ba7b8e"},
]
"click-default-group-wheel 1.2.2" = [
    {file = "click_default_group_wheel-1.2.2-py3-none-any.whl", hash = "sha256:1599b0b6e0ff63ee806c2cb76593cb8cc73e723cd53532c92bc496dc6fc90e5c"},
    {file = "click-default-group-wheel-1.2.2.tar.gz", hash = "sha256:e90da42d92c03e88a12ed0c0b69c8a29afb5d36e3dc8d29c423ba4219e6d7747"},
]
"colorama 0.4.4" = [
    {file = "colorama-0.4.4-py2.py3-none-any.whl", hash = "sha256:9f47eda37229f68eee03b24b9748937c7dc3868f906e8ba69fbcbdd3bc5dc3e2"},
    {file = "colorama-0.4.4.tar.gz", hash = "sha256:5941b2b48a20143d2267e95b1c2a7603ce057ee39fd88e7329b0c292aa16869b"},
]
"et-xmlfile 1.1.0" = [
    {file = "et_xmlfile-1.1.0-py3-none-any.whl", hash = "sha256:a2ba85d1d6a74ef63837eed693bcb89c3f752169b0e3e7ae5b16ca5e1b3deada"},
    {file = "et_xmlfile-1.1.0.tar.gz", hash = "sha256:8eb9e2bc2f8c97e37a2dc85a09ecdcdec9d8a396530a6d5a33b30b9a92da0c5c"},
]
"openpyxl 3.0.10" = [
    {file = "openpyxl-3.0.10-py2.py3-none-any.whl", hash = "sha256:0ab6d25d01799f97a9464630abacbb34aafecdcaa0ef3cba6d6b3499867d0355"},
    {file = "openpyxl-3.0.10.tar.gz", hash = "sha256:e47805627aebcf860edb4edf7987b1309c1b3632f3750538ed962bbcc3bd7449"},
]
"python-dateutil 2.8.2" = [
    {file = "python_dateutil-2.8.2-py2.py3-none-any.whl", hash = "sha256:961d03dc3453ebbc59dbdea9e4e11c5651520a876d0f4db161e8674aae935da9"},
    {file = "python-dateutil-2.8.2.tar.gz", hash = "sha256:0123cacc1627ae19ddf3c27a5de5bd67ee4586fbdd6440d9748f8abb483d3e86"},
]
"six 1.16.0" = [
    {file = "six-1.16.0-py2.py3-none-any.whl", hash = "sha256:8abb2f1d86890a2dfb989f9a77cfcfd3e47c2a354b01111771326f8aa26e0254"},
    {file = "six-1.16.0.tar.gz", hash = "sha256:1e61c37477a1626458e36f7b1d82aa5c9b094fa4802892072e49de9c60c4c926"},
]
"sqlite-fts4 1.0.1" = [
    {file = "sqlite_fts4-1.0.1-py3-none-any.whl", hash = "sha256:a41b3e510df8bda50e9b1a5162a1e8ff3b92c62a1576ff5c74aaae2cedc9d4f5"},
    {file = "sqlite-fts4-1.0.1.tar.gz", hash = "sha256:b2d4f536a28181dc4ced293b602282dd982cc04f506cf3fc491d18b824c2f613"},
]
"sqlite-utils 3.26.1" = [
    {file = "sqlite_utils-3.26.1-py3-none-any.whl", hash = "sha256:5514944924e5608579bdd70bd1ecb4472e6c18e194253baf04c1db120264ed3a"},
    {file = "sqlite-utils-3.26.1.tar.gz", hash = "sha256:18aff4dface28ce4a2f4859948589f5eb7b163c772a3a71fc16c9a174eb1f367"},
]
"tabulate 0.8.9" = [
    {file = "tabulate-0.8.9-py3-none-any.whl", hash = "sha256:d7c013fe7abbc5e491394e10fa845f8f32fe54f8dc60c6622c6cf482d25d47e4"},
    {file = "tabulate-0.8.9.tar.gz", hash = "sha256:eb1d13f25760052e8931f2ef80aaf6045a6cceb47514db8beab24cded16f13a7"},
]
